
Microsoft Visual Studio Solution File, Format Version 12.00
# Visual Studio 2012
Project("{FAE04EC0-301F-11D3-BF4B-00C04F79EFBC}") = "MMAFightLibrary.Domain", "MMAFightLibrary.Domain\MMAFightLibrary.Domain.csproj", "{CCB3E63D-242A-4B5A-9C92-9C7E461A2CDA}"
EndProject
Global
	GlobalSection(SolutionConfigurationPlatforms) = preSolution
		Debug|Any CPU = Debug|Any CPU
		Release|Any CPU = Release|Any CPU
	EndGlobalSection
	GlobalSection(ProjectConfigurationPlatforms) = postSolution
		{CCB3E63D-242A-4B5A-9C92-9C7E461A2CDA}.Debug|Any CPU.ActiveCfg = Debug|Any CPU
		{CCB3E63D-242A-4B5A-9C92-9C7E461A2CDA}.Debug|Any CPU.Build.0 = Debug|Any CPU
		{CCB3E63D-242A-4B5A-9C92-9C7E461A2CDA}.Release|Any CPU.ActiveCfg = Release|Any CPU
		{CCB3E63D-242A-4B5A-9C92-9C7E461A2CDA}.Release|Any CPU.Build.0 = Release|Any CPU
	EndGlobalSection
	GlobalSection(SolutionProperties) = preSolution
		HideSolutionNode = FALSE
	EndGlobalSection
EndGlobal
